{
  "name": "pixelmatch-showcase",
  "version": "1.0.0",
  "lockfileVersion": 2,
  "requires": true,
  "packages": {
    "": {
      "name": "pixelmatch-showcase",
      "version": "1.0.0",
      "license": "ISC",
      "dependencies": {
        "pixelmatch": "^5.3.0",
        "pngjs": "^7.0.0"
      }
    },
    "node_modules/pixelmatch": {
      "version": "5.3.0",
      "resolved": "https://npm.yandex-team.ru/pixelmatch/-/pixelmatch-5.3.0.tgz?rbtorrent=170b7eaf67d39c3707a11bf8245e9fc2d4dcb771",
      "integrity": "sha512-o8mkY4E/+LNUf6LzX96ht6k6CEDi65k9G2rjMtBe9Oo+VPKSvl+0GKHuH/AlG+GA5LPG/i5hrekkxUc3s2HU+Q==",
      "license": "ISC",
      "dependencies": {
        "pngjs": "^6.0.0"
      },
      "bin": {
        "pixelmatch": "bin/pixelmatch"
      }
    },
    "node_modules/pixelmatch/node_modules/pngjs": {
      "version": "6.0.0",
      "resolved": "https://npm.yandex-team.ru/pngjs/-/pngjs-6.0.0.tgz?rbtorrent=de44ec8257328f4534b9a3afa8de2d80c7566ce4",
      "integrity": "sha512-TRzzuFRRmEoSW/p1KVAmiOgPco2Irlah+bGFCeNfJXxxYGwSw7YwAOAcd7X28K/m5bjBWKsC29KyoMfHbypayg==",
      "license": "MIT",
      "engines": {
        "node": ">=12.13.0"
      }
    },
    "node_modules/pngjs": {
      "version": "7.0.0",
      "resolved": "https://npm.yandex-team.ru/pngjs/-/pngjs-7.0.0.tgz?rbtorrent=4dd58174dfd6a753b5078323593249db6ad1ca89",
      "integrity": "sha512-LKWqWJRhstyYo9pGvgor/ivk2w94eSjE3RGVuzLGlr3NmD8bf7RcYGze1mNdEHRP6TRP6rMuDHk5t44hnTRyow==",
      "license": "MIT",
      "engines": {
        "node": ">=14.19.0"
      }
    }
  },
  "dependencies": {
    "pixelmatch": {
      "version": "5.3.0",
      "resolved": "https://npm.yandex-team.ru/pixelmatch/-/pixelmatch-5.3.0.tgz?rbtorrent=170b7eaf67d39c3707a11bf8245e9fc2d4dcb771",
      "integrity": "sha512-o8mkY4E/+LNUf6LzX96ht6k6CEDi65k9G2rjMtBe9Oo+VPKSvl+0GKHuH/AlG+GA5LPG/i5hrekkxUc3s2HU+Q==",
      "requires": {
        "pngjs": "^6.0.0"
      },
      "dependencies": {
        "pngjs": {
          "version": "6.0.0",
          "resolved": "https://npm.yandex-team.ru/pngjs/-/pngjs-6.0.0.tgz?rbtorrent=de44ec8257328f4534b9a3afa8de2d80c7566ce4",
          "integrity": "sha512-TRzzuFRRmEoSW/p1KVAmiOgPco2Irlah+bGFCeNfJXxxYGwSw7YwAOAcd7X28K/m5bjBWKsC29KyoMfHbypayg=="
        }
      }
    },
    "pngjs": {
      "version": "7.0.0",
      "resolved": "https://npm.yandex-team.ru/pngjs/-/pngjs-7.0.0.tgz?rbtorrent=4dd58174dfd6a753b5078323593249db6ad1ca89",
      "integrity": "sha512-LKWqWJRhstyYo9pGvgor/ivk2w94eSjE3RGVuzLGlr3NmD8bf7RcYGze1mNdEHRP6TRP6rMuDHk5t44hnTRyow=="
    }
  }
}
